// !$*UTF8*$!
{
	archiveVersion = 1;
	classes = {
	};
	objectVersion = 50;
	objects = {

/* Begin PBXBuildFile section */
		BAD1872924C2C4F000D35F76 /* AppDelegate.swift in Sources */ = {isa = PBXBuildFile; fileRef = BAD1872824C2C4F000D35F76 /* AppDelegate.swift */; };
		BAD1872B24C2C4F000D35F76 /* SceneDelegate.swift in Sources */ = {isa = PBXBuildFile; fileRef = BAD1872A24C2C4F000D35F76 /* SceneDelegate.swift */; };
		BAD1872D24C2C4F000D35F76 /* ViewController.swift in Sources */ = {isa = PBXBuildFile; fileRef = BAD1872C24C2C4F000D35F76 /* ViewController.swift */; };
		BAD1873024C2C4F000D35F76 /* Main.storyboard in Resources */ = {isa = PBXBuildFile; fileRef = BAD1872E24C2C4F000D35F76 /* Main.storyboard */; };
		BAD1873224C2C4F300D35F76 /* Assets.xcassets in Resources */ = {isa = PBXBuildFile; fileRef = BAD1873124C2C4F300D35F76 /* Assets.xcassets */; };
		BAD1873524C2C4F300D35F76 /* LaunchScreen.storyboard in Resources */ = {isa = PBXBuildFile; fileRef = BAD1873324C2C4F300D35F76 /* LaunchScreen.storyboard */; };
/* End PBXBuildFile section */

/* Begin PBXFileReference section */
		BAD1872524C2C4F000D35F76 /* a207Helloios.app */ = {isa = PBXFileReference; explicitFileType = wrapper.application; includeInIndex = 0; path = a207Helloios.app; sourceTree = BUILT_PRODUCTS_DIR; };
		BAD1872824C2C4F000D35F76 /* AppDelegate.swift */ = {isa = PBXFileReference; lastKnownFileType = sourcecode.swift; path = AppDelegate.swift; sourceTree = "<group>"; };
		BAD1872A24C2C4F000D35F76 /* SceneDelegate.swift */ = {isa = PBXFileReference; lastKnownFileType = sourcecode.swift; path = SceneDelegate.swift; sourceTree = "<group>"; };
		BAD1872C24C2C4F000D35F76 /* ViewController.swift */ = {isa = PBXFileReference; lastKnownFileType = sourcecode.swift; path = ViewController.swift; sourceTree = "<group>"; };
		BAD1872F24C2C4F000D35F76 /* Base */ = {isa = PBXFileReference; lastKnownFileType = file.storyboard; name = Base; path = Base.lproj/Main.storyboard; sourceTree = "<group>"; };
		BAD1873124C2C4F300D35F76 /* Assets.xcassets */ = {isa = PBXFileReference; lastKnownFileType = folder.assetcatalog; path = Assets.xcassets; sourceTree = "<group>"; };
		BAD1873424C2C4F300D35F76 /* Base */ = {isa = PBXFileReference; lastKnownFileType = file.storyboard; name = Base; path = Base.lproj/LaunchScreen.storyboard; sourceTree = "<group>"; };
		BAD1873624C2C4F300D35F76 /* Info.plist */ = {isa = PBXFileReference; lastKnownFileType = text.plist.xml; path = Info.plist; sourceTree = "<group>"; };
/* End PBXFileReference section */

/* Begin PBXFrameworksBuildPhase section */
		BAD1872224C2C4F000D35F76 /* Frameworks */ = {
			isa = PBXFrameworksBuildPhase;
			buildActionMask = 2147483647;
			files = (
			);
			runOnlyForDeploymentPostprocessing = 0;
		};
/* End PBXFrameworksBuildPhase section */

/* Begin PBXGroup section */
		BAD1871C24C2C4F000D35F76 = {
			isa = PBXGroup;
			children = (
				BAD1872724C2C4F000D35F76 /* a207Helloios */,
				BAD1872624C2C4F000D35F76 /* Products */,
			);
			sourceTree = "<group>";
		};
		BAD1872624C2C4F000D35F76 /* Products */ = {
			isa = PBXGroup;
			children = (
				BAD1872524C2C4F000D35F76 /* a207Helloios.app */,
			);
			name = Products;
			sourceTree = "<group>";
		};
		BAD1872724C2C4F000D35F76 /* a207Helloios */ = {
			isa = PBXGroup;
			children = (
				BAD1872824C2C4F000D35F76 /* AppDelegate.swift */,
				BAD1872A24C2C4F000D35F76 /* SceneDelegate.swift */,
				BAD1872C24C2C4F000D35F76 /* ViewController.swift */,
				BAD1872E24C2C4F000D35F76 /* Main.storyboard */,
				BAD1873124C2C4F300D35F76 /* Assets.xcassets */,
				BAD1873324C2C4F300D35F76 /* LaunchScreen.storyboard */,
				BAD1873624C2C4F300D35F76 /* Info.plist */,
			);
			path = a207Helloios;
			sourceTree = "<group>";
		};
/* End PBXGroup section */

/* Begin PBXNativeTarget section */
		BAD1872424C2C4F000D35F76 /* a207Helloios */ = {
			isa = PBXNativeTarget;
			buildConfigurationList = BAD1873924C2C4F300D35F76 /* Build configuration list for PBXNativeTarget "a207Helloios" */;
			buildPhases = (
				BAD1872124C2C4F000D35F76 /* Sources */,
				BAD1872224C2C4F000D35F76 /* Frameworks */,
				BAD1872324C2C4F000D35F76 /* Resources */,
			);
			buildRules = (
			);
			dependencies = (
			);
			name = a207Helloios;
			productName = a207Helloios;
			productReference = BAD1872524C2C4F000D35F76 /* a207Helloios.app */;
			productType = "com.apple.product-type.application";
		};
/* End PBXNativeTarget section */

/* Begin PBXProject section */
		BAD1871D24C2C4F000D35F76 /* Project object */ = {
			isa = PBXProject;
			attributes = {
				LastSwiftUpdateCheck = 1160;
				LastUpgradeCheck = 1160;
				ORGANIZATIONNAME = "申潤五";
				TargetAttributes = {
					BAD1872424C2C4F000D35F76 = {
						CreatedOnToolsVersion = 11.6;
					};
				};
			};
			buildConfigurationList = BAD1872024C2C4F000D35F76 /* Build configuration list for PBXProject "a207Helloios" */;
			compatibilityVersion = "Xcode 9.3";
			developmentRegion = en;
			hasScannedForEncodings = 0;
			knownRegions = (
				en,
				Base,
			);
			mainGroup = BAD1871C24C2C4F000D35F76;
			productRefGroup = BAD1872624C2C4F000D35F76 /* Products */;
			projectDirPath = "";
			projectRoot = "";
			targets = (
				BAD1872424C2C4F000D35F76 /* a207Helloios */,
			);
		};
/* End PBXProject section */

/* Begin PBXResourcesBuildPhase section */
		BAD1872324C2C4F000D35F76 /* Resources */ = {
			isa = PBXResourcesBuildPhase;
			buildActionMask = 2147483647;
			files = (
				BAD1873524C2C4F300D35F76 /* LaunchScreen.storyboard in Resources */,
				BAD1873224C2C4F300D35F76 /* Assets.xcassets in Resources */,
				BAD1873024C2C4F000D35F76 /* Main.storyboard in Resources */,
			);
			runOnlyForDeploymentPostprocessing = 0;
		};
/* End PBXResourcesBuildPhase section */

/* Begin PBXSourcesBuildPhase section */
		BAD1872124C2C4F000D35F76 /* Sources */ = {
			isa = PBXSourcesBuildPhase;
			buildActionMask = 2147483647;
			files = (
				BAD1872D24C2C4F000D35F76 /* ViewController.swift in Sources */,
				BAD1872924C2C4F000D35F76 /* AppDelegate.swift in Sources */,
				BAD1872B24C2C4F000D35F76 /* SceneDelegate.swift in Sources */,
			);
			runOnlyForDeploymentPostprocessing = 0;
		};
/* End PBXSourcesBuildPhase section */

/* Begin PBXVariantGroup section */
		BAD1872E24C2C4F000D35F76 /* Main.storyboard */ = {
			isa = PBXVariantGroup;
			children = (
				BAD1872F24C2C4F000D35F76 /* Base */,
			);
			name = Main.storyboard;
			sourceTree = "<group>";
		};
		BAD1873324C2C4F300D35F76 /* LaunchScreen.storyboard */ = {
			isa = PBXVariantGroup;
			children = (
				BAD1873424C2C4F300D35F76 /* Base */,
			);
			name = LaunchScreen.storyboard;
			sourceTree = "<group>";
		};
/* End PBXVariantGroup section */

/* Begin XCBuildConfiguration section */
		BAD1873724C2C4F300D35F76 /* Debug */ = {
			isa = XCBuildConfiguration;
			buildSettings = {
				ALWAYS_SEARCH_USER_PATHS = NO;
				CLANG_ANALYZER_NONNULL = YES;
				CLANG_ANALYZER_NUMBER_OBJECT_CONVERSION = YES_AGGRESSIVE;
				CLANG_CXX_LANGUAGE_STANDARD = "gnu++14";
				CLANG_CXX_LIBRARY = "libc++";
				CLANG_ENABLE_MODULES = YES;
				CLANG_ENABLE_OBJC_ARC = YES;
				CLANG_ENABLE_OBJC_WEAK = YES;
				CLANG_WARN_BLOCK_CAPTURE_AUTORELEASING = YES;
				CLANG_WARN_BOOL_CONVERSION = YES;
				CLANG_WARN_COMMA = YES;
				CLANG_WARN_CONSTANT_CONVERSION = YES;
				CLANG_WARN_DEPRECATED_OBJC_IMPLEMENTATIONS = YES;
				CLANG_WARN_DIRECT_OBJC_ISA_USAGE = YES_ERROR;
				CLANG_WARN_DOCUMENTATION_COMMENTS = YES;
				CLANG_WARN_EMPTY_BODY = YES;
				CLANG_WARN_ENUM_CONVERSION = YES;
				CLANG_WARN_INFINITE_RECURSION = YES;
				CLANG_WARN_INT_CONVERSION = YES;
				CLANG_WARN_NON_LITERAL_NULL_CONVERSION = YES;
				CLANG_WARN_OBJC_IMPLICIT_RETAIN_SELF = YES;
				CLANG_WARN_OBJC_LITERAL_CONVERSION = YES;
				CLANG_WARN_OBJC_ROOT_CLASS = YES_ERROR;
				CLANG_WARN_RANGE_LOOP_ANALYSIS = YES;
				CLANG_WARN_STRICT_PROTOTYPES = YES;
				CLANG_WARN_SUSPICIOUS_MOVE = YES;
				CLANG_WARN_UNGUARDED_AVAILABILITY = YES_AGGRESSIVE;
				CLANG_WARN_UNREACHABLE_CODE = YES;
				CLANG_WARN__DUPLICATE_METHOD_MATCH = YES;
				COPY_PHASE_STRIP = NO;
				DEBUG_INFORMATION_FORMAT = dwarf;
				ENABLE_STRICT_OBJC_MSGSEND = YES;
				ENABLE_TESTABILITY = YES;
				GCC_C_LANGUAGE_STANDARD = gnu11;
				GCC_DYNAMIC_NO_PIC = NO;
				GCC_NO_COMMON_BLOCKS = YES;
				GCC_OPTIMIZATION_LEVEL = 0;
				GCC_PREPROCESSOR_DEFINITIONS = (
					"DEBUG=1",
					"$(inherited)",
				);
				GCC_WARN_64_TO_32_BIT_CONVERSION = YES;
				GCC_WARN_ABOUT_RETURN_TYPE = YES_ERROR;
				GCC_WARN_UNDECLARED_SELECTOR = YES;
				GCC_WARN_UNINITIALIZED_AUTOS = YES_AGGRESSIVE;
				GCC_WARN_UNUSED_FUNCTION = YES;
				GCC_WARN_UNUSED_VARIABLE = YES;
				IPHONEOS_DEPLOYMENT_TARGET = 13.6;
				MTL_ENABLE_DEBUG_INFO = INCLUDE_SOURCE;
				MTL_FAST_MATH = YES;
				ONLY_ACTIVE_ARCH = YES;
				SDKROOT = iphoneos;
				SWIFT_ACTIVE_COMPILATION_CONDITIONS = DEBUG;
				SWIFT_OPTIMIZATION_LEVEL = "-Onone";
			};
			name = Debug;
		};
		BAD1873824C2C4F300D35F76 /* Release */ = {
			isa = XCBuildConfiguration;
			buildSettings = {
				ALWAYS_SEARCH_USER_PATHS = NO;
				CLANG_ANALYZER_NONNULL = YES;
				CLANG_ANALYZER_NUMBER_OBJECT_CONVERSION = YES_AGGRESSIVE;
				CLANG_CXX_LANGUAGE_STANDARD = "gnu++14";
				CLANG_CXX_LIBRARY = "libc++";
				CLANG_ENABLE_MODULES = YES;
				CLANG_ENABLE_OBJC_ARC = YES;
				CLANG_ENABLE_OBJC_WEAK = YES;
				CLANG_WARN_BLOCK_CAPTURE_AUTORELEASING = YES;
				CLANG_WARN_BOOL_CONVERSION = YES;
				CLANG_WARN_COMMA = YES;
				CLANG_WARN_CONSTANT_CONVERSION = YES;
				CLANG_WARN_DEPRECATED_OBJC_IMPLEMENTATIONS = YES;
				CLANG_WARN_DIRECT_OBJC_ISA_USAGE = YES_ERROR;
				CLANG_WARN_DOCUMENTATION_COMMENTS = YES;
				CLANG_WARN_EMPTY_BODY = YES;
				CLANG_WARN_ENUM_CONVERSION = YES;
				CLANG_WARN_INFINITE_RECURSION = YES;
				CLANG_WARN_INT_CONVERSION = YES;
				CLANG_WARN_NON_LITERAL_NULL_CONVERSION = YES;
				CLANG_WARN_OBJC_IMPLICIT_RETAIN_SELF = YES;
				CLANG_WARN_OBJC_LITERAL_CONVERSION = YES;
				CLANG_WARN_OBJC_ROOT_CLASS = YES_ERROR;
				CLANG_WARN_RANGE_LOOP_ANALYSIS = YES;
				CLANG_WARN_STRICT_PROTOTYPES = YES;
				CLANG_WARN_SUSPICIOUS_MOVE = YES;
				CLANG_WARN_UNGUARDED_AVAILABILITY = YES_AGGRESSIVE;
				CLANG_WARN_UNREACHABLE_CODE = YES;
				CLANG_WARN__DUPLICATE_METHOD_MATCH = YES;
				COPY_PHASE_STRIP = NO;
				DEBUG_INFORMATION_FORMAT = "dwarf-with-dsym";
				ENABLE_NS_ASSERTIONS = NO;
				ENABLE_STRICT_OBJC_MSGSEND = YES;
				GCC_C_LANGUAGE_STANDARD = gnu11;
				GCC_NO_COMMON_BLOCKS = YES;
				GCC_WARN_64_TO_32_BIT_CONVERSION = YES;
				GCC_WARN_ABOUT_RETURN_TYPE = YES_ERROR;
				GCC_WARN_UNDECLARED_SELECTOR = YES;
				GCC_WARN_UNINITIALIZED_AUTOS = YES_AGGRESSIVE;
				GCC_WARN_UNUSED_FUNCTION = YES;
				GCC_WARN_UNUSED_VARIABLE = YES;
				IPHONEOS_DEPLOYMENT_TARGET = 13.6;
				MTL_ENABLE_DEBUG_INFO = NO;
				MTL_FAST_MATH = YES;
				SDKROOT = iphoneos;
				SWIFT_COMPILATION_MODE = wholemodule;
				SWIFT_OPTIMIZATION_LEVEL = "-O";
				VALIDATE_PRODUCT = YES;
			};
			name = Release;
		};
		BAD1873A24C2C4F300D35F76 /* Debug */ = {
			isa = XCBuildConfiguration;
			buildSettings = {
				ASSETCATALOG_COMPILER_APPICON_NAME = AppIcon;
				CODE_SIGN_STYLE = Automatic;
				DEVELOPMENT_TEAM = XSVW22JPST;
				INFOPLIST_FILE = a207Helloios/Info.plist;
				LD_RUNPATH_SEARCH_PATHS = (
					"$(inherited)",
					"@executable_path/Frameworks",
				);
				PRODUCT_BUNDLE_IDENTIFIER = idev.sjw.a207Helloios;
				PRODUCT_NAME = "$(TARGET_NAME)";
				SWIFT_VERSION = 5.0;
				TARGETED_DEVICE_FAMILY = "1,2";
			};
			name = Debug;
		};
		BAD1873B24C2C4F300D35F76 /* Release */ = {
			isa = XCBuildConfiguration;
			buildSettings = {
				ASSETCATALOG_COMPILER_APPICON_NAME = AppIcon;
				CODE_SIGN_STYLE = Automatic;
				DEVELOPMENT_TEAM = XSVW22JPST;
				INFOPLIST_FILE = a207Helloios/Info.plist;
				LD_RUNPATH_SEARCH_PATHS = (
					"$(inherited)",
					"@executable_path/Frameworks",
				);
				PRODUCT_BUNDLE_IDENTIFIER = idev.sjw.a207Helloios;
				PRODUCT_NAME = "$(TARGET_NAME)";
				SWIFT_VERSION = 5.0;
				TARGETED_DEVICE_FAMILY = "1,2";
			};
			name = Release;
		};
/* End XCBuildConfiguration section */

/* Begin XCConfigurationList section */
		BAD1872024C2C4F000D35F76 /* Build configuration list for PBXProject "a207Helloios" */ = {
			isa = XCConfigurationList;
			buildConfigurations = (
				BAD1873724C2C4F300D35F76 /* Debug */,
				BAD1873824C2C4F300D35F76 /* Release */,
			);
			defaultConfigurationIsVisible = 0;
			defaultConfigurationName = Release;
		};
		BAD1873924C2C4F300D35F76 /* Build configuration list for PBXNativeTarget "a207Helloios" */ = {
			isa = XCConfigurationList;
			buildConfigurations = (
				BAD1873A24C2C4F300D35F76 /* Debug */,
				BAD1873B24C2C4F300D35F76 /* Release */,
			);
			defaultConfigurationIsVisible = 0;
			defaultConfigurationName = Release;
		};
/* End XCConfigurationList section */
	};
	rootObject = BAD1871D24C2C4F000D35F76 /* Project object */;
}
